PODS:
  - ILGHttpConstants (1.0.1)
  - VOKBenkode (0.3.0)
  - VOKMockUrlProtocol (2.2.0):
    - ILGHttpConstants (~> 1.0.0)
    - VOKBenkode (~> 0.3)

DEPENDENCIES:
  - VOKMockUrlProtocol (from `../`)

EXTERNAL SOURCES:
  VOKMockUrlProtocol:
    :path: ../

SPEC CHECKSUMS:
  ILGHttpConstants: 715aca4c2b260527059242c0088abc748b52f98e
  VOKBenkode: 272b78425bbeca87d0e2fc0809ffc041f88f8cd1
  VOKMockUrlProtocol: 08cd1f6c9bbc7c8af96f08dcfa25977710785541

COCOAPODS: 0.39.0
