// !$*UTF8*$!
{
	archiveVersion = 1;
	classes = {
	};
	objectVersion = 46;
	objects = {

/* Begin PBXBuildFile section */
		6003F58E195388D20070C39A /* Foundation.framework in Frameworks */ = {isa = PBXBuildFile; fileRef = 6003F58D195388D20070C39A /* Foundation.framework */; };
		6003F590195388D20070C39A /* CoreGraphics.framework in Frameworks */ = {isa = PBXBuildFile; fileRef = 6003F58F195388D20070C39A /* CoreGraphics.framework */; };
		6003F592195388D20070C39A /* UIKit.framework in Frameworks */ = {isa = PBXBuildFile; fileRef = 6003F591195388D20070C39A /* UIKit.framework */; };
		6003F598195388D20070C39A /* InfoPlist.strings in Resources */ = {isa = PBXBuildFile; fileRef = 6003F596195388D20070C39A /* InfoPlist.strings */; };
		6003F59A195388D20070C39A /* main.m in Sources */ = {isa = PBXBuildFile; fileRef = 6003F599195388D20070C39A /* main.m */; };
		6003F59E195388D20070C39A /* VOKAppDelegate.m in Sources */ = {isa = PBXBuildFile; fileRef = 6003F59D195388D20070C39A /* VOKAppDelegate.m */; };
		6003F5A1195388D20070C39A /* Main_iPhone.storyboard in Resources */ = {isa = PBXBuildFile; fileRef = 6003F59F195388D20070C39A /* Main_iPhone.storyboard */; };
		6003F5A4195388D20070C39A /* Main_iPad.storyboard in Resources */ = {isa = PBXBuildFile; fileRef = 6003F5A2195388D20070C39A /* Main_iPad.storyboard */; };
		6003F5A7195388D20070C39A /* VOKViewController.m in Sources */ = {isa = PBXBuildFile; fileRef = 6003F5A6195388D20070C39A /* VOKViewController.m */; };
		6003F5A9195388D20070C39A /* Images.xcassets in Resources */ = {isa = PBXBuildFile; fileRef = 6003F5A8195388D20070C39A /* Images.xcassets */; };
		6003F5B0195388D20070C39A /* XCTest.framework in Frameworks */ = {isa = PBXBuildFile; fileRef = 6003F5AF195388D20070C39A /* XCTest.framework */; };
		6003F5B1195388D20070C39A /* Foundation.framework in Frameworks */ = {isa = PBXBuildFile; fileRef = 6003F58D195388D20070C39A /* Foundation.framework */; };
		6003F5B2195388D20070C39A /* UIKit.framework in Frameworks */ = {isa = PBXBuildFile; fileRef = 6003F591195388D20070C39A /* UIKit.framework */; };
		6003F5BA195388D20070C39A /* InfoPlist.strings in Resources */ = {isa = PBXBuildFile; fileRef = 6003F5B8195388D20070C39A /* InfoPlist.strings */; };
		6003F5BC195388D20070C39A /* HttpFileParsingTests.m in Sources */ = {isa = PBXBuildFile; fileRef = 6003F5BB195388D20070C39A /* HttpFileParsingTests.m */; };
		711322B61A5753A6004284A5 /* RequestBodyToFileNameTests.m in Sources */ = {isa = PBXBuildFile; fileRef = 711322B51A5753A6004284A5 /* RequestBodyToFileNameTests.m */; };
		71FF00D819FEECBC00B3F38D /* VOKMockData in Resources */ = {isa = PBXBuildFile; fileRef = 71FF00D619FEECB700B3F38D /* VOKMockData */; };
		7789A4D450245FA8F0CDA6CD /* libPods-Tests-tvOS.a in Frameworks */ = {isa = PBXBuildFile; fileRef = 2454D9D49DBDD2038212FEA6 /* libPods-Tests-tvOS.a */; };
		A18029C3F9A1B1F297DCE2EF /* libPods-Tests.a in Frameworks */ = {isa = PBXBuildFile; fileRef = 3F0856525E75B0BD8E86B198 /* libPods-Tests.a */; };
		A85FFCEB2E1397CF6D61700D /* libPods-Tests-OSX.a in Frameworks */ = {isa = PBXBuildFile; fileRef = D49711D253B672A877E13C25 /* libPods-Tests-OSX.a */; };
		DE14D4D91CC00774005DC5F5 /* VOKMockData in Resources */ = {isa = PBXBuildFile; fileRef = 71FF00D619FEECB700B3F38D /* VOKMockData */; };
		DE14D4E31CC024F1005DC5F5 /* AppDelegate.m in Sources */ = {isa = PBXBuildFile; fileRef = DE14D4E21CC024F1005DC5F5 /* AppDelegate.m */; };
		DE14D4E61CC024F1005DC5F5 /* main.m in Sources */ = {isa = PBXBuildFile; fileRef = DE14D4E51CC024F1005DC5F5 /* main.m */; };
		DE14D4E81CC024F1005DC5F5 /* Assets.xcassets in Resources */ = {isa = PBXBuildFile; fileRef = DE14D4E71CC024F1005DC5F5 /* Assets.xcassets */; };
		DE14D4EB1CC024F1005DC5F5 /* MainMenu.xib in Resources */ = {isa = PBXBuildFile; fileRef = DE14D4E91CC024F1005DC5F5 /* MainMenu.xib */; };
		DE14D4FE1CC02562005DC5F5 /* HttpFileParsingTests.m in Sources */ = {isa = PBXBuildFile; fileRef = 6003F5BB195388D20070C39A /* HttpFileParsingTests.m */; };
		DE14D4FF1CC02562005DC5F5 /* RequestBodyToFileNameTests.m in Sources */ = {isa = PBXBuildFile; fileRef = 711322B51A5753A6004284A5 /* RequestBodyToFileNameTests.m */; };
		DE14D5001CC025D2005DC5F5 /* VOKMockData in Resources */ = {isa = PBXBuildFile; fileRef = 71FF00D619FEECB700B3F38D /* VOKMockData */; };
		DE5EB0811CBFF9B3008ECAC1 /* main.m in Sources */ = {isa = PBXBuildFile; fileRef = DE5EB0801CBFF9B3008ECAC1 /* main.m */; };
		DE5EB0841CBFF9B3008ECAC1 /* AppDelegate.m in Sources */ = {isa = PBXBuildFile; fileRef = DE5EB0831CBFF9B3008ECAC1 /* AppDelegate.m */; };
		DE5EB08A1CBFF9B3008ECAC1 /* Main.storyboard in Resources */ = {isa = PBXBuildFile; fileRef = DE5EB0881CBFF9B3008ECAC1 /* Main.storyboard */; };
		DE5EB08C1CBFF9B3008ECAC1 /* Assets.xcassets in Resources */ = {isa = PBXBuildFile; fileRef = DE5EB08B1CBFF9B3008ECAC1 /* Assets.xcassets */; };
		DE5EB09F1CBFFA24008ECAC1 /* HttpFileParsingTests.m in Sources */ = {isa = PBXBuildFile; fileRef = 6003F5BB195388D20070C39A /* HttpFileParsingTests.m */; };
		DE5EB0A01CBFFA24008ECAC1 /* RequestBodyToFileNameTests.m in Sources */ = {isa = PBXBuildFile; fileRef = 711322B51A5753A6004284A5 /* RequestBodyToFileNameTests.m */; };
/* End PBXBuildFile section */

/* Begin PBXContainerItemProxy section */
		6003F5B3195388D20070C39A /* PBXContainerItemProxy */ = {
			isa = PBXContainerItemProxy;
			containerPortal = 6003F582195388D10070C39A /* Project object */;
			proxyType = 1;
			remoteGlobalIDString = 6003F589195388D20070C39A;
			remoteInfo = VOKMockUrlProtocol;
		};
		DE14D4F91CC02517005DC5F5 /* PBXContainerItemProxy */ = {
			isa = PBXContainerItemProxy;
			containerPortal = 6003F582195388D10070C39A /* Project object */;
			proxyType = 1;
			remoteGlobalIDString = DE14D4DE1CC024F1005DC5F5;
			remoteInfo = "VOKMockUrlProtocol-OSX";
		};
		DE5EB09A1CBFFA02008ECAC1 /* PBXContainerItemProxy */ = {
			isa = PBXContainerItemProxy;
			containerPortal = 6003F582195388D10070C39A /* Project object */;
			proxyType = 1;
			remoteGlobalIDString = DE5EB07C1CBFF9B3008ECAC1;
			remoteInfo = "VOKMockUrlProtocol-tvOS";
		};
/* End PBXContainerItemProxy section */

/* Begin PBXFileReference section */
		06E4B2FED6625B7B8A5C25B9 /* Pods-Tests.release.xcconfig */ = {isa = PBXFileReference; includeInIndex = 1; lastKnownFileType = text.xcconfig; name = "Pods-Tests.release.xcconfig"; path = "Pods/Target Support Files/Pods-Tests/Pods-Tests.release.xcconfig"; sourceTree = "<group>"; };
		2454D9D49DBDD2038212FEA6 /* libPods-Tests-tvOS.a */ = {isa = PBXFileReference; explicitFileType = archive.ar; includeInIndex = 0; path = "libPods-Tests-tvOS.a"; sourceTree = BUILT_PRODUCTS_DIR; };
		3F0856525E75B0BD8E86B198 /* libPods-Tests.a */ = {isa = PBXFileReference; explicitFileType = archive.ar; includeInIndex = 0; path = "libPods-Tests.a"; sourceTree = BUILT_PRODUCTS_DIR; };
		4EB7086C36FCEFD4F73411BC /* Pods-Tests.debug.xcconfig */ = {isa = PBXFileReference; includeInIndex = 1; lastKnownFileType = text.xcconfig; name = "Pods-Tests.debug.xcconfig"; path = "Pods/Target Support Files/Pods-Tests/Pods-Tests.debug.xcconfig"; sourceTree = "<group>"; };
		6003F58A195388D20070C39A /* VOKMockUrlProtocol.app */ = {isa = PBXFileReference; explicitFileType = wrapper.application; includeInIndex = 0; path = VOKMockUrlProtocol.app; sourceTree = BUILT_PRODUCTS_DIR; };
		6003F58D195388D20070C39A /* Foundation.framework */ = {isa = PBXFileReference; lastKnownFileType = wrapper.framework; name = Foundation.framework; path = System/Library/Frameworks/Foundation.framework; sourceTree = SDKROOT; };
		6003F58F195388D20070C39A /* CoreGraphics.framework */ = {isa = PBXFileReference; lastKnownFileType = wrapper.framework; name = CoreGraphics.framework; path = System/Library/Frameworks/CoreGraphics.framework; sourceTree = SDKROOT; };
		6003F591195388D20070C39A /* UIKit.framework */ = {isa = PBXFileReference; lastKnownFileType = wrapper.framework; name = UIKit.framework; path = System/Library/Frameworks/UIKit.framework; sourceTree = SDKROOT; };
		6003F595195388D20070C39A /* VOKMockUrlProtocol-Info.plist */ = {isa = PBXFileReference; lastKnownFileType = text.plist.xml; path = "VOKMockUrlProtocol-Info.plist"; sourceTree = "<group>"; };
		6003F597195388D20070C39A /* en */ = {isa = PBXFileReference; lastKnownFileType = text.plist.strings; name = en; path = en.lproj/InfoPlist.strings; sourceTree = "<group>"; };
		6003F599195388D20070C39A /* main.m */ = {isa = PBXFileReference; lastKnownFileType = sourcecode.c.objc; path = main.m; sourceTree = "<group>"; };
		6003F59B195388D20070C39A /* VOKMockUrlProtocol-Prefix.pch */ = {isa = PBXFileReference; lastKnownFileType = sourcecode.c.h; path = "VOKMockUrlProtocol-Prefix.pch"; sourceTree = "<group>"; };
		6003F59C195388D20070C39A /* VOKAppDelegate.h */ = {isa = PBXFileReference; lastKnownFileType = sourcecode.c.h; path = VOKAppDelegate.h; sourceTree = "<group>"; };
		6003F59D195388D20070C39A /* VOKAppDelegate.m */ = {isa = PBXFileReference; lastKnownFileType = sourcecode.c.objc; path = VOKAppDelegate.m; sourceTree = "<group>"; };
		6003F5A0195388D20070C39A /* Base */ = {isa = PBXFileReference; lastKnownFileType = file.storyboard; name = Base; path = Base.lproj/Main_iPhone.storyboard; sourceTree = "<group>"; };
		6003F5A3195388D20070C39A /* Base */ = {isa = PBXFileReference; lastKnownFileType = file.storyboard; name = Base; path = Base.lproj/Main_iPad.storyboard; sourceTree = "<group>"; };
		6003F5A5195388D20070C39A /* VOKViewController.h */ = {isa = PBXFileReference; lastKnownFileType = sourcecode.c.h; path = VOKViewController.h; sourceTree = "<group>"; };
		6003F5A6195388D20070C39A /* VOKViewController.m */ = {isa = PBXFileReference; lastKnownFileType = sourcecode.c.objc; path = VOKViewController.m; sourceTree = "<group>"; };
		6003F5A8195388D20070C39A /* Images.xcassets */ = {isa = PBXFileReference; lastKnownFileType = folder.assetcatalog; path = Images.xcassets; sourceTree = "<group>"; };
		6003F5AE195388D20070C39A /* Tests.xctest */ = {isa = PBXFileReference; explicitFileType = wrapper.cfbundle; includeInIndex = 0; path = Tests.xctest; sourceTree = BUILT_PRODUCTS_DIR; };
		6003F5AF195388D20070C39A /* XCTest.framework */ = {isa = PBXFileReference; lastKnownFileType = wrapper.framework; name = XCTest.framework; path = Library/Frameworks/XCTest.framework; sourceTree = DEVELOPER_DIR; };
		6003F5B7195388D20070C39A /* Tests-Info.plist */ = {isa = PBXFileReference; lastKnownFileType = text.plist.xml; path = "Tests-Info.plist"; sourceTree = "<group>"; };
		6003F5B9195388D20070C39A /* en */ = {isa = PBXFileReference; lastKnownFileType = text.plist.strings; name = en; path = en.lproj/InfoPlist.strings; sourceTree = "<group>"; };
		6003F5BB195388D20070C39A /* HttpFileParsingTests.m */ = {isa = PBXFileReference; lastKnownFileType = sourcecode.c.objc; path = HttpFileParsingTests.m; sourceTree = "<group>"; };
		606FC2411953D9B200FFA9A0 /* Tests-Prefix.pch */ = {isa = PBXFileReference; lastKnownFileType = sourcecode.c.h; path = "Tests-Prefix.pch"; sourceTree = "<group>"; };
		6689FFC4A8599B3ED785740D /* Pods-Tests-OSX.debug.xcconfig */ = {isa = PBXFileReference; includeInIndex = 1; lastKnownFileType = text.xcconfig; name = "Pods-Tests-OSX.debug.xcconfig"; path = "Pods/Target Support Files/Pods-Tests-OSX/Pods-Tests-OSX.debug.xcconfig"; sourceTree = "<group>"; };
		711322B51A5753A6004284A5 /* RequestBodyToFileNameTests.m */ = {isa = PBXFileReference; fileEncoding = 4; lastKnownFileType = sourcecode.c.objc; path = RequestBodyToFileNameTests.m; sourceTree = "<group>"; };
		71FF00D619FEECB700B3F38D /* VOKMockData */ = {isa = PBXFileReference; lastKnownFileType = folder; path = VOKMockData; sourceTree = "<group>"; };
		7D0F26F477CE34FB05248317 /* README.md */ = {isa = PBXFileReference; includeInIndex = 1; lastKnownFileType = net.daringfireball.markdown; name = README.md; path = ../README.md; sourceTree = "<group>"; };
		8B385A4125FCD5FE4EA8BA63 /* Pods-Tests-tvOS.release.xcconfig */ = {isa = PBXFileReference; includeInIndex = 1; lastKnownFileType = text.xcconfig; name = "Pods-Tests-tvOS.release.xcconfig"; path = "Pods/Target Support Files/Pods-Tests-tvOS/Pods-Tests-tvOS.release.xcconfig"; sourceTree = "<group>"; };
		95A5CD4347F0CF088E371729 /* VOKMockUrlProtocol.podspec */ = {isa = PBXFileReference; includeInIndex = 1; lastKnownFileType = text; name = VOKMockUrlProtocol.podspec; path = ../VOKMockUrlProtocol.podspec; sourceTree = "<group>"; };
		AF5C4CA19B83D7E79D639EEA /* Pods-Tests-tvOS.debug.xcconfig */ = {isa = PBXFileReference; includeInIndex = 1; lastKnownFileType = text.xcconfig; name = "Pods-Tests-tvOS.debug.xcconfig"; path = "Pods/Target Support Files/Pods-Tests-tvOS/Pods-Tests-tvOS.debug.xcconfig"; sourceTree = "<group>"; };
		CA1D814660CF3FBDDAFDC4D1 /* LICENSE */ = {isa = PBXFileReference; includeInIndex = 1; lastKnownFileType = text; name = LICENSE; path = ../LICENSE; sourceTree = "<group>"; };
		D49711D253B672A877E13C25 /* libPods-Tests-OSX.a */ = {isa = PBXFileReference; explicitFileType = archive.ar; includeInIndex = 0; path = "libPods-Tests-OSX.a"; sourceTree = BUILT_PRODUCTS_DIR; };
		DE14D4DF1CC024F1005DC5F5 /* VOKMockUrlProtocol-OSX.app */ = {isa = PBXFileReference; explicitFileType = wrapper.application; includeInIndex = 0; path = "VOKMockUrlProtocol-OSX.app"; sourceTree = BUILT_PRODUCTS_DIR; };
		DE14D4E11CC024F1005DC5F5 /* AppDelegate.h */ = {isa = PBXFileReference; lastKnownFileType = sourcecode.c.h; path = AppDelegate.h; sourceTree = "<group>"; };
		DE14D4E21CC024F1005DC5F5 /* AppDelegate.m */ = {isa = PBXFileReference; lastKnownFileType = sourcecode.c.objc; path = AppDelegate.m; sourceTree = "<group>"; };
		DE14D4E51CC024F1005DC5F5 /* main.m */ = {isa = PBXFileReference; lastKnownFileType = sourcecode.c.objc; path = main.m; sourceTree = "<group>"; };
		DE14D4E71CC024F1005DC5F5 /* Assets.xcassets */ = {isa = PBXFileReference; lastKnownFileType = folder.assetcatalog; path = Assets.xcassets; sourceTree = "<group>"; };
		DE14D4EA1CC024F1005DC5F5 /* Base */ = {isa = PBXFileReference; lastKnownFileType = file.xib; name = Base; path = Base.lproj/MainMenu.xib; sourceTree = "<group>"; };
		DE14D4EC1CC024F1005DC5F5 /* Info.plist */ = {isa = PBXFileReference; lastKnownFileType = text.plist.xml; path = Info.plist; sourceTree = "<group>"; };
		DE14D4F41CC02517005DC5F5 /* Tests-OSX.xctest */ = {isa = PBXFileReference; explicitFileType = wrapper.cfbundle; includeInIndex = 0; path = "Tests-OSX.xctest"; sourceTree = BUILT_PRODUCTS_DIR; };
		DE14D4F81CC02517005DC5F5 /* Info.plist */ = {isa = PBXFileReference; lastKnownFileType = text.plist.xml; path = Info.plist; sourceTree = "<group>"; };
		DE5EB07D1CBFF9B3008ECAC1 /* VOKMockUrlProtocol-tvOS.app */ = {isa = PBXFileReference; explicitFileType = wrapper.application; includeInIndex = 0; path = "VOKMockUrlProtocol-tvOS.app"; sourceTree = BUILT_PRODUCTS_DIR; };
		DE5EB0801CBFF9B3008ECAC1 /* main.m */ = {isa = PBXFileReference; lastKnownFileType = sourcecode.c.objc; path = main.m; sourceTree = "<group>"; };
		DE5EB0821CBFF9B3008ECAC1 /* AppDelegate.h */ = {isa = PBXFileReference; lastKnownFileType = sourcecode.c.h; path = AppDelegate.h; sourceTree = "<group>"; };
		DE5EB0831CBFF9B3008ECAC1 /* AppDelegate.m */ = {isa = PBXFileReference; lastKnownFileType = sourcecode.c.objc; path = AppDelegate.m; sourceTree = "<group>"; };
		DE5EB0891CBFF9B3008ECAC1 /* Base */ = {isa = PBXFileReference; lastKnownFileType = file.storyboard; name = Base; path = Base.lproj/Main.storyboard; sourceTree = "<group>"; };
		DE5EB08B1CBFF9B3008ECAC1 /* Assets.xcassets */ = {isa = PBXFileReference; lastKnownFileType = folder.assetcatalog; path = Assets.xcassets; sourceTree = "<group>"; };
		DE5EB08D1CBFF9B3008ECAC1 /* Info.plist */ = {isa = PBXFileReference; lastKnownFileType = text.plist.xml; path = Info.plist; sourceTree = "<group>"; };
		DE5EB0951CBFFA02008ECAC1 /* Tests-tvOS.xctest */ = {isa = PBXFileReference; explicitFileType = wrapper.cfbundle; includeInIndex = 0; path = "Tests-tvOS.xctest"; sourceTree = BUILT_PRODUCTS_DIR; };
		DE5EB0991CBFFA02008ECAC1 /* Info.plist */ = {isa = PBXFileReference; lastKnownFileType = text.plist.xml; path = Info.plist; sourceTree = "<group>"; };
		F4BCA43C4F68E7E9DEE23CA0 /* Pods-Tests-OSX.release.xcconfig */ = {isa = PBXFileReference; includeInIndex = 1; lastKnownFileType = text.xcconfig; name = "Pods-Tests-OSX.release.xcconfig"; path = "Pods/Target Support Files/Pods-Tests-OSX/Pods-Tests-OSX.release.xcconfig"; sourceTree = "<group>"; };
/* End PBXFileReference section */

/* Begin PBXFrameworksBuildPhase section */
		6003F587195388D20070C39A /* Frameworks */ = {
			isa = PBXFrameworksBuildPhase;
			buildActionMask = 2147483647;
			files = (
				6003F590195388D20070C39A /* CoreGraphics.framework in Frameworks */,
				6003F592195388D20070C39A /* UIKit.framework in Frameworks */,
				6003F58E195388D20070C39A /* Foundation.framework in Frameworks */,
			);
			runOnlyForDeploymentPostprocessing = 0;
		};
		6003F5AB195388D20070C39A /* Frameworks */ = {
			isa = PBXFrameworksBuildPhase;
			buildActionMask = 2147483647;
			files = (
				6003F5B0195388D20070C39A /* XCTest.framework in Frameworks */,
				6003F5B2195388D20070C39A /* UIKit.framework in Frameworks */,
				6003F5B1195388D20070C39A /* Foundation.framework in Frameworks */,
				A18029C3F9A1B1F297DCE2EF /* libPods-Tests.a in Frameworks */,
			);
			runOnlyForDeploymentPostprocessing = 0;
		};
		DE14D4DC1CC024F1005DC5F5 /* Frameworks */ = {
			isa = PBXFrameworksBuildPhase;
			buildActionMask = 2147483647;
			files = (
			);
			runOnlyForDeploymentPostprocessing = 0;
		};
		DE14D4F11CC02517005DC5F5 /* Frameworks */ = {
			isa = PBXFrameworksBuildPhase;
			buildActionMask = 2147483647;
			files = (
				A85FFCEB2E1397CF6D61700D /* libPods-Tests-OSX.a in Frameworks */,
			);
			runOnlyForDeploymentPostprocessing = 0;
		};
		DE5EB07A1CBFF9B3008ECAC1 /* Frameworks */ = {
			isa = PBXFrameworksBuildPhase;
			buildActionMask = 2147483647;
			files = (
			);
			runOnlyForDeploymentPostprocessing = 0;
		};
		DE5EB0921CBFFA02008ECAC1 /* Frameworks */ = {
			isa = PBXFrameworksBuildPhase;
			buildActionMask = 2147483647;
			files = (
				7789A4D450245FA8F0CDA6CD /* libPods-Tests-tvOS.a in Frameworks */,
			);
			runOnlyForDeploymentPostprocessing = 0;
		};
/* End PBXFrameworksBuildPhase section */

/* Begin PBXGroup section */
		0A70A9073DAB08D447E5F3E9 /* Pods */ = {
			isa = PBXGroup;
			children = (
				4EB7086C36FCEFD4F73411BC /* Pods-Tests.debug.xcconfig */,
				06E4B2FED6625B7B8A5C25B9 /* Pods-Tests.release.xcconfig */,
				6689FFC4A8599B3ED785740D /* Pods-Tests-OSX.debug.xcconfig */,
				F4BCA43C4F68E7E9DEE23CA0 /* Pods-Tests-OSX.release.xcconfig */,
				AF5C4CA19B83D7E79D639EEA /* Pods-Tests-tvOS.debug.xcconfig */,
				8B385A4125FCD5FE4EA8BA63 /* Pods-Tests-tvOS.release.xcconfig */,
			);
			name = Pods;
			sourceTree = "<group>";
		};
		6003F581195388D10070C39A = {
			isa = PBXGroup;
			children = (
				60FF7A9C1954A5C5007DD14C /* Podspec Metadata */,
				6003F593195388D20070C39A /* VOKMockUrlProtocol */,
				71FF00D619FEECB700B3F38D /* VOKMockData */,
				6003F5B5195388D20070C39A /* Tests */,
				DE5EB07E1CBFF9B3008ECAC1 /* VOKMockUrlProtocol-tvOS */,
				DE5EB0961CBFFA02008ECAC1 /* Tests-tvOS */,
				DE14D4E01CC024F1005DC5F5 /* VOKMockUrlProtocol-OSX */,
				DE14D4F51CC02517005DC5F5 /* Tests-OSX */,
				6003F58C195388D20070C39A /* Frameworks */,
				6003F58B195388D20070C39A /* Products */,
				0A70A9073DAB08D447E5F3E9 /* Pods */,
			);
			sourceTree = "<group>";
		};
		6003F58B195388D20070C39A /* Products */ = {
			isa = PBXGroup;
			children = (
				6003F58A195388D20070C39A /* VOKMockUrlProtocol.app */,
				6003F5AE195388D20070C39A /* Tests.xctest */,
				DE5EB07D1CBFF9B3008ECAC1 /* VOKMockUrlProtocol-tvOS.app */,
				DE5EB0951CBFFA02008ECAC1 /* Tests-tvOS.xctest */,
				DE14D4DF1CC024F1005DC5F5 /* VOKMockUrlProtocol-OSX.app */,
				DE14D4F41CC02517005DC5F5 /* Tests-OSX.xctest */,
			);
			name = Products;
			sourceTree = "<group>";
		};
		6003F58C195388D20070C39A /* Frameworks */ = {
			isa = PBXGroup;
			children = (
				6003F58D195388D20070C39A /* Foundation.framework */,
				6003F58F195388D20070C39A /* CoreGraphics.framework */,
				6003F591195388D20070C39A /* UIKit.framework */,
				6003F5AF195388D20070C39A /* XCTest.framework */,
				3F0856525E75B0BD8E86B198 /* libPods-Tests.a */,
				D49711D253B672A877E13C25 /* libPods-Tests-OSX.a */,
				2454D9D49DBDD2038212FEA6 /* libPods-Tests-tvOS.a */,
			);
			name = Frameworks;
			sourceTree = "<group>";
		};
		6003F593195388D20070C39A /* VOKMockUrlProtocol */ = {
			isa = PBXGroup;
			children = (
				6003F59C195388D20070C39A /* VOKAppDelegate.h */,
				6003F59D195388D20070C39A /* VOKAppDelegate.m */,
				6003F59F195388D20070C39A /* Main_iPhone.storyboard */,
				6003F5A2195388D20070C39A /* Main_iPad.storyboard */,
				6003F5A5195388D20070C39A /* VOKViewController.h */,
				6003F5A6195388D20070C39A /* VOKViewController.m */,
				6003F5A8195388D20070C39A /* Images.xcassets */,
				6003F594195388D20070C39A /* Supporting Files */,
			);
			path = VOKMockUrlProtocol;
			sourceTree = "<group>";
		};
		6003F594195388D20070C39A /* Supporting Files */ = {
			isa = PBXGroup;
			children = (
				6003F595195388D20070C39A /* VOKMockUrlProtocol-Info.plist */,
				6003F596195388D20070C39A /* InfoPlist.strings */,
				6003F599195388D20070C39A /* main.m */,
				6003F59B195388D20070C39A /* VOKMockUrlProtocol-Prefix.pch */,
			);
			name = "Supporting Files";
			sourceTree = "<group>";
		};
		6003F5B5195388D20070C39A /* Tests */ = {
			isa = PBXGroup;
			children = (
				6003F5BB195388D20070C39A /* HttpFileParsingTests.m */,
				711322B51A5753A6004284A5 /* RequestBodyToFileNameTests.m */,
				6003F5B6195388D20070C39A /* Supporting Files */,
			);
			path = Tests;
			sourceTree = "<group>";
		};
		6003F5B6195388D20070C39A /* Supporting Files */ = {
			isa = PBXGroup;
			children = (
				6003F5B7195388D20070C39A /* Tests-Info.plist */,
				6003F5B8195388D20070C39A /* InfoPlist.strings */,
				606FC2411953D9B200FFA9A0 /* Tests-Prefix.pch */,
			);
			name = "Supporting Files";
			sourceTree = "<group>";
		};
		60FF7A9C1954A5C5007DD14C /* Podspec Metadata */ = {
			isa = PBXGroup;
			children = (
				95A5CD4347F0CF088E371729 /* VOKMockUrlProtocol.podspec */,
				7D0F26F477CE34FB05248317 /* README.md */,
				CA1D814660CF3FBDDAFDC4D1 /* LICENSE */,
			);
			name = "Podspec Metadata";
			sourceTree = "<group>";
		};
		DE14D4E01CC024F1005DC5F5 /* VOKMockUrlProtocol-OSX */ = {
			isa = PBXGroup;
			children = (
				DE14D4E11CC024F1005DC5F5 /* AppDelegate.h */,
				DE14D4E21CC024F1005DC5F5 /* AppDelegate.m */,
				DE14D4E71CC024F1005DC5F5 /* Assets.xcassets */,
				DE14D4E91CC024F1005DC5F5 /* MainMenu.xib */,
				DE14D4EC1CC024F1005DC5F5 /* Info.plist */,
				DE14D4E41CC024F1005DC5F5 /* Supporting Files */,
			);
			path = "VOKMockUrlProtocol-OSX";
			sourceTree = "<group>";
		};
		DE14D4E41CC024F1005DC5F5 /* Supporting Files */ = {
			isa = PBXGroup;
			children = (
				DE14D4E51CC024F1005DC5F5 /* main.m */,
			);
			name = "Supporting Files";
			sourceTree = "<group>";
		};
		DE14D4F51CC02517005DC5F5 /* Tests-OSX */ = {
			isa = PBXGroup;
			children = (
				DE14D4F81CC02517005DC5F5 /* Info.plist */,
			);
			path = "Tests-OSX";
			sourceTree = "<group>";
		};
		DE5EB07E1CBFF9B3008ECAC1 /* VOKMockUrlProtocol-tvOS */ = {
			isa = PBXGroup;
			children = (
				DE5EB0821CBFF9B3008ECAC1 /* AppDelegate.h */,
				DE5EB0831CBFF9B3008ECAC1 /* AppDelegate.m */,
				DE5EB0881CBFF9B3008ECAC1 /* Main.storyboard */,
				DE5EB08B1CBFF9B3008ECAC1 /* Assets.xcassets */,
				DE5EB08D1CBFF9B3008ECAC1 /* Info.plist */,
				DE5EB07F1CBFF9B3008ECAC1 /* Supporting Files */,
			);
			path = "VOKMockUrlProtocol-tvOS";
			sourceTree = "<group>";
		};
		DE5EB07F1CBFF9B3008ECAC1 /* Supporting Files */ = {
			isa = PBXGroup;
			children = (
				DE5EB0801CBFF9B3008ECAC1 /* main.m */,
			);
			name = "Supporting Files";
			sourceTree = "<group>";
		};
		DE5EB0961CBFFA02008ECAC1 /* Tests-tvOS */ = {
			isa = PBXGroup;
			children = (
				DE5EB0991CBFFA02008ECAC1 /* Info.plist */,
			);
			path = "Tests-tvOS";
			sourceTree = "<group>";
		};
/* End PBXGroup section */

/* Begin PBXNativeTarget section */
		6003F589195388D20070C39A /* VOKMockUrlProtocol */ = {
			isa = PBXNativeTarget;
			buildConfigurationList = 6003F5BF195388D20070C39A /* Build configuration list for PBXNativeTarget "VOKMockUrlProtocol" */;
			buildPhases = (
				6003F586195388D20070C39A /* Sources */,
				6003F587195388D20070C39A /* Frameworks */,
				6003F588195388D20070C39A /* Resources */,
			);
			buildRules = (
			);
			dependencies = (
			);
			name = VOKMockUrlProtocol;
			productName = VOKMockUrlProtocol;
			productReference = 6003F58A195388D20070C39A /* VOKMockUrlProtocol.app */;
			productType = "com.apple.product-type.application";
		};
		6003F5AD195388D20070C39A /* Tests */ = {
			isa = PBXNativeTarget;
			buildConfigurationList = 6003F5C2195388D20070C39A /* Build configuration list for PBXNativeTarget "Tests" */;
			buildPhases = (
				F56E3F56A7C9AF5B51337665 /* [CP] Check Pods Manifest.lock */,
				6003F5AA195388D20070C39A /* Sources */,
				6003F5AB195388D20070C39A /* Frameworks */,
				6003F5AC195388D20070C39A /* Resources */,
				214204E6471DA13C65B6639D /* [CP] Embed Pods Frameworks */,
				01CD48D2EBFDFAF42528FA07 /* [CP] Copy Pods Resources */,
			);
			buildRules = (
			);
			dependencies = (
				6003F5B4195388D20070C39A /* PBXTargetDependency */,
			);
			name = Tests;
			productName = VOKMockUrlProtocolTests;
			productReference = 6003F5AE195388D20070C39A /* Tests.xctest */;
			productType = "com.apple.product-type.bundle.unit-test";
		};
		DE14D4DE1CC024F1005DC5F5 /* VOKMockUrlProtocol-OSX */ = {
			isa = PBXNativeTarget;
			buildConfigurationList = DE14D4ED1CC024F1005DC5F5 /* Build configuration list for PBXNativeTarget "VOKMockUrlProtocol-OSX" */;
			buildPhases = (
				DE14D4DB1CC024F1005DC5F5 /* Sources */,
				DE14D4DC1CC024F1005DC5F5 /* Frameworks */,
				DE14D4DD1CC024F1005DC5F5 /* Resources */,
			);
			buildRules = (
			);
			dependencies = (
			);
			name = "VOKMockUrlProtocol-OSX";
			productName = "VOKMockUrlProtocol-OSX";
			productReference = DE14D4DF1CC024F1005DC5F5 /* VOKMockUrlProtocol-OSX.app */;
			productType = "com.apple.product-type.application";
		};
		DE14D4F31CC02517005DC5F5 /* Tests-OSX */ = {
			isa = PBXNativeTarget;
			buildConfigurationList = DE14D4FB1CC02517005DC5F5 /* Build configuration list for PBXNativeTarget "Tests-OSX" */;
			buildPhases = (
				4D393EE98BD4349387B6F7CB /* [CP] Check Pods Manifest.lock */,
				DE14D4F01CC02517005DC5F5 /* Sources */,
				DE14D4F11CC02517005DC5F5 /* Frameworks */,
				DE14D4F21CC02517005DC5F5 /* Resources */,
				F622E79D7102237D6AC8DD05 /* [CP] Embed Pods Frameworks */,
				E19BB4356654B3372B608A55 /* [CP] Copy Pods Resources */,
			);
			buildRules = (
			);
			dependencies = (
				DE14D4FA1CC02517005DC5F5 /* PBXTargetDependency */,
			);
			name = "Tests-OSX";
			productName = "Tests-OSX";
			productReference = DE14D4F41CC02517005DC5F5 /* Tests-OSX.xctest */;
			productType = "com.apple.product-type.bundle.unit-test";
		};
		DE5EB07C1CBFF9B3008ECAC1 /* VOKMockUrlProtocol-tvOS */ = {
			isa = PBXNativeTarget;
			buildConfigurationList = DE5EB0901CBFF9B3008ECAC1 /* Build configuration list for PBXNativeTarget "VOKMockUrlProtocol-tvOS" */;
			buildPhases = (
				DE5EB0791CBFF9B3008ECAC1 /* Sources */,
				DE5EB07A1CBFF9B3008ECAC1 /* Frameworks */,
				DE5EB07B1CBFF9B3008ECAC1 /* Resources */,
			);
			buildRules = (
			);
			dependencies = (
			);
			name = "VOKMockUrlProtocol-tvOS";
			productName = "VOKMockUrlProtocol-tvOS";
			productReference = DE5EB07D1CBFF9B3008ECAC1 /* VOKMockUrlProtocol-tvOS.app */;
			productType = "com.apple.product-type.application";
		};
		DE5EB0941CBFFA02008ECAC1 /* Tests-tvOS */ = {
			isa = PBXNativeTarget;
			buildConfigurationList = DE5EB09C1CBFFA02008ECAC1 /* Build configuration list for PBXNativeTarget "Tests-tvOS" */;
			buildPhases = (
				E87257FE021A385D2D96575A /* [CP] Check Pods Manifest.lock */,
				DE5EB0911CBFFA02008ECAC1 /* Sources */,
				DE5EB0921CBFFA02008ECAC1 /* Frameworks */,
				DE5EB0931CBFFA02008ECAC1 /* Resources */,
				FAED27B9D9193C565CB468DC /* [CP] Embed Pods Frameworks */,
				6690DB2D07B040F6B46756B5 /* [CP] Copy Pods Resources */,
			);
			buildRules = (
			);
			dependencies = (
				DE5EB09B1CBFFA02008ECAC1 /* PBXTargetDependency */,
			);
			name = "Tests-tvOS";
			productName = "Tests-tvOS";
			productReference = DE5EB0951CBFFA02008ECAC1 /* Tests-tvOS.xctest */;
			productType = "com.apple.product-type.bundle.unit-test";
		};
/* End PBXNativeTarget section */

/* Begin PBXProject section */
		6003F582195388D10070C39A /* Project object */ = {
			isa = PBXProject;
			attributes = {
				CLASSPREFIX = VOK;
				LastUpgradeCheck = 0730;
				ORGANIZATIONNAME = "Isaac Greenspan";
				TargetAttributes = {
					6003F5AD195388D20070C39A = {
						TestTargetID = 6003F589195388D20070C39A;
					};
					DE14D4DE1CC024F1005DC5F5 = {
						CreatedOnToolsVersion = 7.3;
					};
					DE14D4F31CC02517005DC5F5 = {
						CreatedOnToolsVersion = 7.3;
						TestTargetID = DE14D4DE1CC024F1005DC5F5;
					};
					DE5EB07C1CBFF9B3008ECAC1 = {
						CreatedOnToolsVersion = 7.3;
					};
					DE5EB0941CBFFA02008ECAC1 = {
						CreatedOnToolsVersion = 7.3;
						TestTargetID = DE5EB07C1CBFF9B3008ECAC1;
					};
				};
			};
			buildConfigurationList = 6003F585195388D10070C39A /* Build configuration list for PBXProject "VOKMockUrlProtocol" */;
			compatibilityVersion = "Xcode 3.2";
			developmentRegion = English;
			hasScannedForEncodings = 0;
			knownRegions = (
				en,
				Base,
			);
			mainGroup = 6003F581195388D10070C39A;
			productRefGroup = 6003F58B195388D20070C39A /* Products */;
			projectDirPath = "";
			projectRoot = "";
			targets = (
				6003F589195388D20070C39A /* VOKMockUrlProtocol */,
				6003F5AD195388D20070C39A /* Tests */,
				DE5EB07C1CBFF9B3008ECAC1 /* VOKMockUrlProtocol-tvOS */,
				DE5EB0941CBFFA02008ECAC1 /* Tests-tvOS */,
				DE14D4DE1CC024F1005DC5F5 /* VOKMockUrlProtocol-OSX */,
				DE14D4F31CC02517005DC5F5 /* Tests-OSX */,
			);
		};
/* End PBXProject section */

/* Begin PBXResourcesBuildPhase section */
		6003F588195388D20070C39A /* Resources */ = {
			isa = PBXResourcesBuildPhase;
			buildActionMask = 2147483647;
			files = (
				6003F5A4195388D20070C39A /* Main_iPad.storyboard in Resources */,
				6003F5A9195388D20070C39A /* Images.xcassets in Resources */,
				6003F5A1195388D20070C39A /* Main_iPhone.storyboard in Resources */,
				6003F598195388D20070C39A /* InfoPlist.strings in Resources */,
			);
			runOnlyForDeploymentPostprocessing = 0;
		};
		6003F5AC195388D20070C39A /* Resources */ = {
			isa = PBXResourcesBuildPhase;
			buildActionMask = 2147483647;
			files = (
				6003F5BA195388D20070C39A /* InfoPlist.strings in Resources */,
				71FF00D819FEECBC00B3F38D /* VOKMockData in Resources */,
			);
			runOnlyForDeploymentPostprocessing = 0;
		};
		DE14D4DD1CC024F1005DC5F5 /* Resources */ = {
			isa = PBXResourcesBuildPhase;
			buildActionMask = 2147483647;
			files = (
				DE14D4E81CC024F1005DC5F5 /* Assets.xcassets in Resources */,
				DE14D4EB1CC024F1005DC5F5 /* MainMenu.xib in Resources */,
			);
			runOnlyForDeploymentPostprocessing = 0;
		};
		DE14D4F21CC02517005DC5F5 /* Resources */ = {
			isa = PBXResourcesBuildPhase;
			buildActionMask = 2147483647;
			files = (
				DE14D5001CC025D2005DC5F5 /* VOKMockData in Resources */,
			);
			runOnlyForDeploymentPostprocessing = 0;
		};
		DE5EB07B1CBFF9B3008ECAC1 /* Resources */ = {
			isa = PBXResourcesBuildPhase;
			buildActionMask = 2147483647;
			files = (
				DE5EB08C1CBFF9B3008ECAC1 /* Assets.xcassets in Resources */,
				DE5EB08A1CBFF9B3008ECAC1 /* Main.storyboard in Resources */,
			);
			runOnlyForDeploymentPostprocessing = 0;
		};
		DE5EB0931CBFFA02008ECAC1 /* Resources */ = {
			isa = PBXResourcesBuildPhase;
			buildActionMask = 2147483647;
			files = (
				DE14D4D91CC00774005DC5F5 /* VOKMockData in Resources */,
			);
			runOnlyForDeploymentPostprocessing = 0;
		};
/* End PBXResourcesBuildPhase section */

/* Begin PBXShellScriptBuildPhase section */
		01CD48D2EBFDFAF42528FA07 /* [CP] Copy Pods Resources */ = {
			isa = PBXShellScriptBuildPhase;
			buildActionMask = 2147483647;
			files = (
			);
			inputPaths = (
			);
			name = "[CP] Copy Pods Resources";
			outputPaths = (
			);
			runOnlyForDeploymentPostprocessing = 0;
			shellPath = /bin/sh;
			shellScript = "\"${SRCROOT}/Pods/Target Support Files/Pods-Tests/Pods-Tests-resources.sh\"\n";
			showEnvVarsInLog = 0;
		};
		214204E6471DA13C65B6639D /* [CP] Embed Pods Frameworks */ = {
			isa = PBXShellScriptBuildPhase;
			buildActionMask = 2147483647;
			files = (
			);
			inputPaths = (
			);
			name = "[CP] Embed Pods Frameworks";
			outputPaths = (
			);
			runOnlyForDeploymentPostprocessing = 0;
			shellPath = /bin/sh;
			shellScript = "\"${SRCROOT}/Pods/Target Support Files/Pods-Tests/Pods-Tests-frameworks.sh\"\n";
			showEnvVarsInLog = 0;
		};
		4D393EE98BD4349387B6F7CB /* [CP] Check Pods Manifest.lock */ = {
			isa = PBXShellScriptBuildPhase;
			buildActionMask = 2147483647;
			files = (
			);
			inputPaths = (
			);
			name = "[CP] Check Pods Manifest.lock";
			outputPaths = (
			);
			runOnlyForDeploymentPostprocessing = 0;
			shellPath = /bin/sh;
			shellScript = "diff \"${PODS_ROOT}/../Podfile.lock\" \"${PODS_ROOT}/Manifest.lock\" > /dev/null\nif [ $? != 0 ] ; then\n    # print error to STDERR\n    echo \"error: The sandbox is not in sync with the Podfile.lock. Run 'pod install' or update your CocoaPods installation.\" >&2\n    exit 1\nfi\n";
			showEnvVarsInLog = 0;
		};
		6690DB2D07B040F6B46756B5 /* [CP] Copy Pods Resources */ = {
			isa = PBXShellScriptBuildPhase;
			buildActionMask = 2147483647;
			files = (
			);
			inputPaths = (
			);
			name = "[CP] Copy Pods Resources";
			outputPaths = (
			);
			runOnlyForDeploymentPostprocessing = 0;
			shellPath = /bin/sh;
			shellScript = "\"${SRCROOT}/Pods/Target Support Files/Pods-Tests-tvOS/Pods-Tests-tvOS-resources.sh\"\n";
			showEnvVarsInLog = 0;
		};
		E19BB4356654B3372B608A55 /* [CP] Copy Pods Resources */ = {
			isa = PBXShellScriptBuildPhase;
			buildActionMask = 2147483647;
			files = (
			);
			inputPaths = (
			);
			name = "[CP] Copy Pods Resources";
			outputPaths = (
			);
			runOnlyForDeploymentPostprocessing = 0;
			shellPath = /bin/sh;
			shellScript = "\"${SRCROOT}/Pods/Target Support Files/Pods-Tests-OSX/Pods-Tests-OSX-resources.sh\"\n";
			showEnvVarsInLog = 0;
		};
		E87257FE021A385D2D96575A /* [CP] Check Pods Manifest.lock */ = {
			isa = PBXShellScriptBuildPhase;
			buildActionMask = 2147483647;
			files = (
			);
			inputPaths = (
			);
			name = "[CP] Check Pods Manifest.lock";
			outputPaths = (
			);
			runOnlyForDeploymentPostprocessing = 0;
			shellPath = /bin/sh;
			shellScript = "diff \"${PODS_ROOT}/../Podfile.lock\" \"${PODS_ROOT}/Manifest.lock\" > /dev/null\nif [ $? != 0 ] ; then\n    # print error to STDERR\n    echo \"error: The sandbox is not in sync with the Podfile.lock. Run 'pod install' or update your CocoaPods installation.\" >&2\n    exit 1\nfi\n";
			showEnvVarsInLog = 0;
		};
		F56E3F56A7C9AF5B51337665 /* [CP] Check Pods Manifest.lock */ = {
			isa = PBXShellScriptBuildPhase;
			buildActionMask = 2147483647;
			files = (
			);
			inputPaths = (
			);
			name = "[CP] Check Pods Manifest.lock";
			outputPaths = (
			);
			runOnlyForDeploymentPostprocessing = 0;
			shellPath = /bin/sh;
			shellScript = "diff \"${PODS_ROOT}/../Podfile.lock\" \"${PODS_ROOT}/Manifest.lock\" > /dev/null\nif [ $? != 0 ] ; then\n    # print error to STDERR\n    echo \"error: The sandbox is not in sync with the Podfile.lock. Run 'pod install' or update your CocoaPods installation.\" >&2\n    exit 1\nfi\n";
			showEnvVarsInLog = 0;
		};
		F622E79D7102237D6AC8DD05 /* [CP] Embed Pods Frameworks */ = {
			isa = PBXShellScriptBuildPhase;
			buildActionMask = 2147483647;
			files = (
			);
			inputPaths = (
			);
			name = "[CP] Embed Pods Frameworks";
			outputPaths = (
			);
			runOnlyForDeploymentPostprocessing = 0;
			shellPath = /bin/sh;
			shellScript = "\"${SRCROOT}/Pods/Target Support Files/Pods-Tests-OSX/Pods-Tests-OSX-frameworks.sh\"\n";
			showEnvVarsInLog = 0;
		};
		FAED27B9D9193C565CB468DC /* [CP] Embed Pods Frameworks */ = {
			isa = PBXShellScriptBuildPhase;
			buildActionMask = 2147483647;
			files = (
			);
			inputPaths = (
			);
			name = "[CP] Embed Pods Frameworks";
			outputPaths = (
			);
			runOnlyForDeploymentPostprocessing = 0;
			shellPath = /bin/sh;
			shellScript = "\"${SRCROOT}/Pods/Target Support Files/Pods-Tests-tvOS/Pods-Tests-tvOS-frameworks.sh\"\n";
			showEnvVarsInLog = 0;
		};
/* End PBXShellScriptBuildPhase section */

/* Begin PBXSourcesBuildPhase section */
		6003F586195388D20070C39A /* Sources */ = {
			isa = PBXSourcesBuildPhase;
			buildActionMask = 2147483647;
			files = (
				6003F59E195388D20070C39A /* VOKAppDelegate.m in Sources */,
				6003F5A7195388D20070C39A /* VOKViewController.m in Sources */,
				6003F59A195388D20070C39A /* main.m in Sources */,
			);
			runOnlyForDeploymentPostprocessing = 0;
		};
		6003F5AA195388D20070C39A /* Sources */ = {
			isa = PBXSourcesBuildPhase;
			buildActionMask = 2147483647;
			files = (
				6003F5BC195388D20070C39A /* HttpFileParsingTests.m in Sources */,
				711322B61A5753A6004284A5 /* RequestBodyToFileNameTests.m in Sources */,
			);
			runOnlyForDeploymentPostprocessing = 0;
		};
		DE14D4DB1CC024F1005DC5F5 /* Sources */ = {
			isa = PBXSourcesBuildPhase;
			buildActionMask = 2147483647;
			files = (
				DE14D4E61CC024F1005DC5F5 /* main.m in Sources */,
				DE14D4E31CC024F1005DC5F5 /* AppDelegate.m in Sources */,
			);
			runOnlyForDeploymentPostprocessing = 0;
		};
		DE14D4F01CC02517005DC5F5 /* Sources */ = {
			isa = PBXSourcesBuildPhase;
			buildActionMask = 2147483647;
			files = (
				DE14D4FE1CC02562005DC5F5 /* HttpFileParsingTests.m in Sources */,
				DE14D4FF1CC02562005DC5F5 /* RequestBodyToFileNameTests.m in Sources */,
			);
			runOnlyForDeploymentPostprocessing = 0;
		};
		DE5EB0791CBFF9B3008ECAC1 /* Sources */ = {
			isa = PBXSourcesBuildPhase;
			buildActionMask = 2147483647;
			files = (
				DE5EB0841CBFF9B3008ECAC1 /* AppDelegate.m in Sources */,
				DE5EB0811CBFF9B3008ECAC1 /* main.m in Sources */,
			);
			runOnlyForDeploymentPostprocessing = 0;
		};
		DE5EB0911CBFFA02008ECAC1 /* Sources */ = {
			isa = PBXSourcesBuildPhase;
			buildActionMask = 2147483647;
			files = (
				DE5EB09F1CBFFA24008ECAC1 /* HttpFileParsingTests.m in Sources */,
				DE5EB0A01CBFFA24008ECAC1 /* RequestBodyToFileNameTests.m in Sources */,
			);
			runOnlyForDeploymentPostprocessing = 0;
		};
/* End PBXSourcesBuildPhase section */

/* Begin PBXTargetDependency section */
		6003F5B4195388D20070C39A /* PBXTargetDependency */ = {
			isa = PBXTargetDependency;
			target = 6003F589195388D20070C39A /* VOKMockUrlProtocol */;
			targetProxy = 6003F5B3195388D20070C39A /* PBXContainerItemProxy */;
		};
		DE14D4FA1CC02517005DC5F5 /* PBXTargetDependency */ = {
			isa = PBXTargetDependency;
			target = DE14D4DE1CC024F1005DC5F5 /* VOKMockUrlProtocol-OSX */;
			targetProxy = DE14D4F91CC02517005DC5F5 /* PBXContainerItemProxy */;
		};
		DE5EB09B1CBFFA02008ECAC1 /* PBXTargetDependency */ = {
			isa = PBXTargetDependency;
			target = DE5EB07C1CBFF9B3008ECAC1 /* VOKMockUrlProtocol-tvOS */;
			targetProxy = DE5EB09A1CBFFA02008ECAC1 /* PBXContainerItemProxy */;
		};
/* End PBXTargetDependency section */

/* Begin PBXVariantGroup section */
		6003F596195388D20070C39A /* InfoPlist.strings */ = {
			isa = PBXVariantGroup;
			children = (
				6003F597195388D20070C39A /* en */,
			);
			name = InfoPlist.strings;
			sourceTree = "<group>";
		};
		6003F59F195388D20070C39A /* Main_iPhone.storyboard */ = {
			isa = PBXVariantGroup;
			children = (
				6003F5A0195388D20070C39A /* Base */,
			);
			name = Main_iPhone.storyboard;
			sourceTree = "<group>";
		};
		6003F5A2195388D20070C39A /* Main_iPad.storyboard */ = {
			isa = PBXVariantGroup;
			children = (
				6003F5A3195388D20070C39A /* Base */,
			);
			name = Main_iPad.storyboard;
			sourceTree = "<group>";
		};
		6003F5B8195388D20070C39A /* InfoPlist.strings */ = {
			isa = PBXVariantGroup;
			children = (
				6003F5B9195388D20070C39A /* en */,
			);
			name = InfoPlist.strings;
			sourceTree = "<group>";
		};
		DE14D4E91CC024F1005DC5F5 /* MainMenu.xib */ = {
			isa = PBXVariantGroup;
			children = (
				DE14D4EA1CC024F1005DC5F5 /* Base */,
			);
			name = MainMenu.xib;
			sourceTree = "<group>";
		};
		DE5EB0881CBFF9B3008ECAC1 /* Main.storyboard */ = {
			isa = PBXVariantGroup;
			children = (
				DE5EB0891CBFF9B3008ECAC1 /* Base */,
			);
			name = Main.storyboard;
			sourceTree = "<group>";
		};
/* End PBXVariantGroup section */

/* Begin XCBuildConfiguration section */
		6003F5BD195388D20070C39A /* Debug */ = {
			isa = XCBuildConfiguration;
			buildSettings = {
				ALWAYS_SEARCH_USER_PATHS = NO;
				CLANG_CXX_LANGUAGE_STANDARD = "gnu++0x";
				CLANG_CXX_LIBRARY = "libc++";
				CLANG_ENABLE_MODULES = YES;
				CLANG_ENABLE_OBJC_ARC = YES;
				CLANG_WARN_BOOL_CONVERSION = YES;
				CLANG_WARN_CONSTANT_CONVERSION = YES;
				CLANG_WARN_DIRECT_OBJC_ISA_USAGE = YES_ERROR;
				CLANG_WARN_EMPTY_BODY = YES;
				CLANG_WARN_ENUM_CONVERSION = YES;
				CLANG_WARN_INT_CONVERSION = YES;
				CLANG_WARN_OBJC_ROOT_CLASS = YES_ERROR;
				CLANG_WARN__DUPLICATE_METHOD_MATCH = YES;
				"CODE_SIGN_IDENTITY[sdk=iphoneos*]" = "iPhone Developer";
				COPY_PHASE_STRIP = NO;
				ENABLE_TESTABILITY = YES;
				GCC_C_LANGUAGE_STANDARD = gnu99;
				GCC_DYNAMIC_NO_PIC = NO;
				GCC_OPTIMIZATION_LEVEL = 0;
				GCC_PREPROCESSOR_DEFINITIONS = (
					"DEBUG=1",
					"$(inherited)",
				);
				GCC_SYMBOLS_PRIVATE_EXTERN = NO;
				GCC_WARN_64_TO_32_BIT_CONVERSION = YES;
				GCC_WARN_ABOUT_RETURN_TYPE = YES_ERROR;
				GCC_WARN_UNDECLARED_SELECTOR = YES;
				GCC_WARN_UNINITIALIZED_AUTOS = YES_AGGRESSIVE;
				GCC_WARN_UNUSED_FUNCTION = YES;
				GCC_WARN_UNUSED_VARIABLE = YES;
				IPHONEOS_DEPLOYMENT_TARGET = 6.0;
				MACOSX_DEPLOYMENT_TARGET = 10.9;
				ONLY_ACTIVE_ARCH = YES;
				SDKROOT = iphoneos;
				TARGETED_DEVICE_FAMILY = "1,2";
				TVOS_DEPLOYMENT_TARGET = 9.0;
			};
			name = Debug;
		};
		6003F5BE195388D20070C39A /* Release */ = {
			isa = XCBuildConfiguration;
			buildSettings = {
				ALWAYS_SEARCH_USER_PATHS = NO;
				CLANG_CXX_LANGUAGE_STANDARD = "gnu++0x";
				CLANG_CXX_LIBRARY = "libc++";
				CLANG_ENABLE_MODULES = YES;
				CLANG_ENABLE_OBJC_ARC = YES;
				CLANG_WARN_BOOL_CONVERSION = YES;
				CLANG_WARN_CONSTANT_CONVERSION = YES;
				CLANG_WARN_DIRECT_OBJC_ISA_USAGE = YES_ERROR;
				CLANG_WARN_EMPTY_BODY = YES;
				CLANG_WARN_ENUM_CONVERSION = YES;
				CLANG_WARN_INT_CONVERSION = YES;
				CLANG_WARN_OBJC_ROOT_CLASS = YES_ERROR;
				CLANG_WARN__DUPLICATE_METHOD_MATCH = YES;
				"CODE_SIGN_IDENTITY[sdk=iphoneos*]" = "iPhone Developer";
				COPY_PHASE_STRIP = YES;
				ENABLE_NS_ASSERTIONS = NO;
				GCC_C_LANGUAGE_STANDARD = gnu99;
				GCC_WARN_64_TO_32_BIT_CONVERSION = YES;
				GCC_WARN_ABOUT_RETURN_TYPE = YES_ERROR;
				GCC_WARN_UNDECLARED_SELECTOR = YES;
				GCC_WARN_UNINITIALIZED_AUTOS = YES_AGGRESSIVE;
				GCC_WARN_UNUSED_FUNCTION = YES;
				GCC_WARN_UNUSED_VARIABLE = YES;
				IPHONEOS_DEPLOYMENT_TARGET = 6.0;
				MACOSX_DEPLOYMENT_TARGET = 10.9;
				SDKROOT = iphoneos;
				TARGETED_DEVICE_FAMILY = "1,2";
				TVOS_DEPLOYMENT_TARGET = 9.0;
				VALIDATE_PRODUCT = YES;
			};
			name = Release;
		};
		6003F5C0195388D20070C39A /* Debug */ = {
			isa = XCBuildConfiguration;
			buildSettings = {
				ASSETCATALOG_COMPILER_APPICON_NAME = AppIcon;
				ASSETCATALOG_COMPILER_LAUNCHIMAGE_NAME = LaunchImage;
				GCC_PRECOMPILE_PREFIX_HEADER = YES;
				GCC_PREFIX_HEADER = "VOKMockUrlProtocol/VOKMockUrlProtocol-Prefix.pch";
				INFOPLIST_FILE = "VOKMockUrlProtocol/VOKMockUrlProtocol-Info.plist";
				PRODUCT_BUNDLE_IDENTIFIER = "org.cocoapods.demo.${PRODUCT_NAME:rfc1034identifier}";
				PRODUCT_NAME = "$(TARGET_NAME)";
				WRAPPER_EXTENSION = app;
			};
			name = Debug;
		};
		6003F5C1195388D20070C39A /* Release */ = {
			isa = XCBuildConfiguration;
			buildSettings = {
				ASSETCATALOG_COMPILER_APPICON_NAME = AppIcon;
				ASSETCATALOG_COMPILER_LAUNCHIMAGE_NAME = LaunchImage;
				GCC_PRECOMPILE_PREFIX_HEADER = YES;
				GCC_PREFIX_HEADER = "VOKMockUrlProtocol/VOKMockUrlProtocol-Prefix.pch";
				INFOPLIST_FILE = "VOKMockUrlProtocol/VOKMockUrlProtocol-Info.plist";
				PRODUCT_BUNDLE_IDENTIFIER = "org.cocoapods.demo.${PRODUCT_NAME:rfc1034identifier}";
				PRODUCT_NAME = "$(TARGET_NAME)";
				WRAPPER_EXTENSION = app;
			};
			name = Release;
		};
		6003F5C3195388D20070C39A /* Debug */ = {
			isa = XCBuildConfiguration;
			baseConfigurationReference = 4EB7086C36FCEFD4F73411BC /* Pods-Tests.debug.xcconfig */;
			buildSettings = {
				BUNDLE_LOADER = "$(BUILT_PRODUCTS_DIR)/VOKMockUrlProtocol.app/VOKMockUrlProtocol";
				FRAMEWORK_SEARCH_PATHS = "";
				GCC_PRECOMPILE_PREFIX_HEADER = YES;
				GCC_PREFIX_HEADER = "Tests/Tests-Prefix.pch";
				GCC_PREPROCESSOR_DEFINITIONS = (
					"DEBUG=1",
					"$(inherited)",
				);
				INFOPLIST_FILE = "Tests/Tests-Info.plist";
				PRODUCT_BUNDLE_IDENTIFIER = "org.cocoapods.demo.${PRODUCT_NAME:rfc1034identifier}";
				PRODUCT_NAME = "$(TARGET_NAME)";
				TEST_HOST = "$(BUNDLE_LOADER)";
				WRAPPER_EXTENSION = xctest;
			};
			name = Debug;
		};
		6003F5C4195388D20070C39A /* Release */ = {
			isa = XCBuildConfiguration;
			baseConfigurationReference = 06E4B2FED6625B7B8A5C25B9 /* Pods-Tests.release.xcconfig */;
			buildSettings = {
				BUNDLE_LOADER = "$(BUILT_PRODUCTS_DIR)/VOKMockUrlProtocol.app/VOKMockUrlProtocol";
				FRAMEWORK_SEARCH_PATHS = "";
				GCC_PRECOMPILE_PREFIX_HEADER = YES;
				GCC_PREFIX_HEADER = "Tests/Tests-Prefix.pch";
				INFOPLIST_FILE = "Tests/Tests-Info.plist";
				PRODUCT_BUNDLE_IDENTIFIER = "org.cocoapods.demo.${PRODUCT_NAME:rfc1034identifier}";
				PRODUCT_NAME = "$(TARGET_NAME)";
				TEST_HOST = "$(BUNDLE_LOADER)";
				WRAPPER_EXTENSION = xctest;
			};
			name = Release;
		};
		DE14D4EE1CC024F1005DC5F5 /* Debug */ = {
			isa = XCBuildConfiguration;
			buildSettings = {
				ASSETCATALOG_COMPILER_APPICON_NAME = AppIcon;
				CLANG_ANALYZER_NONNULL = YES;
				CLANG_WARN_UNREACHABLE_CODE = YES;
				CODE_SIGN_IDENTITY = "-";
				COMBINE_HIDPI_IMAGES = YES;
				DEBUG_INFORMATION_FORMAT = dwarf;
				ENABLE_STRICT_OBJC_MSGSEND = YES;
				GCC_NO_COMMON_BLOCKS = YES;
				INFOPLIST_FILE = "VOKMockUrlProtocol-OSX/Info.plist";
				LD_RUNPATH_SEARCH_PATHS = "$(inherited) @executable_path/../Frameworks";
				MTL_ENABLE_DEBUG_INFO = YES;
				PRODUCT_BUNDLE_IDENTIFIER = "io.vokal.VOKMockUrlProtocol-OSX";
				PRODUCT_NAME = "$(TARGET_NAME)";
				SDKROOT = macosx;
			};
			name = Debug;
		};
		DE14D4EF1CC024F1005DC5F5 /* Release */ = {
			isa = XCBuildConfiguration;
			buildSettings = {
				ASSETCATALOG_COMPILER_APPICON_NAME = AppIcon;
				CLANG_ANALYZER_NONNULL = YES;
				CLANG_WARN_UNREACHABLE_CODE = YES;
				CODE_SIGN_IDENTITY = "-";
				COMBINE_HIDPI_IMAGES = YES;
				COPY_PHASE_STRIP = NO;
				DEBUG_INFORMATION_FORMAT = "dwarf-with-dsym";
				ENABLE_STRICT_OBJC_MSGSEND = YES;
				GCC_NO_COMMON_BLOCKS = YES;
				INFOPLIST_FILE = "VOKMockUrlProtocol-OSX/Info.plist";
				LD_RUNPATH_SEARCH_PATHS = "$(inherited) @executable_path/../Frameworks";
				MTL_ENABLE_DEBUG_INFO = NO;
				PRODUCT_BUNDLE_IDENTIFIER = "io.vokal.VOKMockUrlProtocol-OSX";
				PRODUCT_NAME = "$(TARGET_NAME)";
				SDKROOT = macosx;
			};
			name = Release;
		};
		DE14D4FC1CC02517005DC5F5 /* Debug */ = {
			isa = XCBuildConfiguration;
			baseConfigurationReference = 6689FFC4A8599B3ED785740D /* Pods-Tests-OSX.debug.xcconfig */;
			buildSettings = {
				BUNDLE_LOADER = "$(TEST_HOST)";
				CLANG_ANALYZER_NONNULL = YES;
				CLANG_WARN_UNREACHABLE_CODE = YES;
				CODE_SIGN_IDENTITY = "-";
				COMBINE_HIDPI_IMAGES = YES;
				DEBUG_INFORMATION_FORMAT = dwarf;
				ENABLE_STRICT_OBJC_MSGSEND = YES;
				GCC_NO_COMMON_BLOCKS = YES;
				INFOPLIST_FILE = "Tests-OSX/Info.plist";
				LD_RUNPATH_SEARCH_PATHS = "$(inherited) @executable_path/../Frameworks @loader_path/../Frameworks";
				MTL_ENABLE_DEBUG_INFO = YES;
				PRODUCT_BUNDLE_IDENTIFIER = "io.vokal.Tests-OSX";
				PRODUCT_NAME = "$(TARGET_NAME)";
				SDKROOT = macosx;
				TEST_HOST = "$(BUILT_PRODUCTS_DIR)/VOKMockUrlProtocol-OSX.app/Contents/MacOS/VOKMockUrlProtocol-OSX";
			};
			name = Debug;
		};
		DE14D4FD1CC02517005DC5F5 /* Release */ = {
			isa = XCBuildConfiguration;
			baseConfigurationReference = F4BCA43C4F68E7E9DEE23CA0 /* Pods-Tests-OSX.release.xcconfig */;
			buildSettings = {
				BUNDLE_LOADER = "$(TEST_HOST)";
				CLANG_ANALYZER_NONNULL = YES;
				CLANG_WARN_UNREACHABLE_CODE = YES;
				CODE_SIGN_IDENTITY = "-";
				COMBINE_HIDPI_IMAGES = YES;
				COPY_PHASE_STRIP = NO;
				DEBUG_INFORMATION_FORMAT = "dwarf-with-dsym";
				ENABLE_STRICT_OBJC_MSGSEND = YES;
				GCC_NO_COMMON_BLOCKS = YES;
				INFOPLIST_FILE = "Tests-OSX/Info.plist";
				LD_RUNPATH_SEARCH_PATHS = "$(inherited) @executable_path/../Frameworks @loader_path/../Frameworks";
				MTL_ENABLE_DEBUG_INFO = NO;
				PRODUCT_BUNDLE_IDENTIFIER = "io.vokal.Tests-OSX";
				PRODUCT_NAME = "$(TARGET_NAME)";
				SDKROOT = macosx;
				TEST_HOST = "$(BUILT_PRODUCTS_DIR)/VOKMockUrlProtocol-OSX.app/Contents/MacOS/VOKMockUrlProtocol-OSX";
			};
			name = Release;
		};
		DE5EB08E1CBFF9B3008ECAC1 /* Debug */ = {
			isa = XCBuildConfiguration;
			buildSettings = {
				ASSETCATALOG_COMPILER_APPICON_NAME = "App Icon & Top Shelf Image";
				ASSETCATALOG_COMPILER_LAUNCHIMAGE_NAME = LaunchImage;
				CLANG_ANALYZER_NONNULL = YES;
				CLANG_WARN_UNREACHABLE_CODE = YES;
				DEBUG_INFORMATION_FORMAT = dwarf;
				ENABLE_STRICT_OBJC_MSGSEND = YES;
				GCC_NO_COMMON_BLOCKS = YES;
				INFOPLIST_FILE = "VOKMockUrlProtocol-tvOS/Info.plist";
				LD_RUNPATH_SEARCH_PATHS = "$(inherited) @executable_path/Frameworks";
				MTL_ENABLE_DEBUG_INFO = YES;
				PRODUCT_BUNDLE_IDENTIFIER = "io.vokal.VOKMockUrlProtocol-tvOS";
				PRODUCT_NAME = "$(TARGET_NAME)";
				SDKROOT = appletvos;
				TARGETED_DEVICE_FAMILY = 3;
			};
			name = Debug;
		};
		DE5EB08F1CBFF9B3008ECAC1 /* Release */ = {
			isa = XCBuildConfiguration;
			buildSettings = {
				ASSETCATALOG_COMPILER_APPICON_NAME = "App Icon & Top Shelf Image";
				ASSETCATALOG_COMPILER_LAUNCHIMAGE_NAME = LaunchImage;
				CLANG_ANALYZER_NONNULL = YES;
				CLANG_WARN_UNREACHABLE_CODE = YES;
				COPY_PHASE_STRIP = NO;
				DEBUG_INFORMATION_FORMAT = "dwarf-with-dsym";
				ENABLE_STRICT_OBJC_MSGSEND = YES;
				GCC_NO_COMMON_BLOCKS = YES;
				INFOPLIST_FILE = "VOKMockUrlProtocol-tvOS/Info.plist";
				LD_RUNPATH_SEARCH_PATHS = "$(inherited) @executable_path/Frameworks";
				MTL_ENABLE_DEBUG_INFO = NO;
				PRODUCT_BUNDLE_IDENTIFIER = "io.vokal.VOKMockUrlProtocol-tvOS";
				PRODUCT_NAME = "$(TARGET_NAME)";
				SDKROOT = appletvos;
				TARGETED_DEVICE_FAMILY = 3;
			};
			name = Release;
		};
		DE5EB09D1CBFFA02008ECAC1 /* Debug */ = {
			isa = XCBuildConfiguration;
			baseConfigurationReference = AF5C4CA19B83D7E79D639EEA /* Pods-Tests-tvOS.debug.xcconfig */;
			buildSettings = {
				BUNDLE_LOADER = "$(TEST_HOST)";
				CLANG_ANALYZER_NONNULL = YES;
				CLANG_WARN_UNREACHABLE_CODE = YES;
				DEBUG_INFORMATION_FORMAT = dwarf;
				ENABLE_STRICT_OBJC_MSGSEND = YES;
				GCC_NO_COMMON_BLOCKS = YES;
				INFOPLIST_FILE = "Tests-tvOS/Info.plist";
				LD_RUNPATH_SEARCH_PATHS = "$(inherited) @executable_path/Frameworks @loader_path/Frameworks";
				MTL_ENABLE_DEBUG_INFO = YES;
				PRODUCT_BUNDLE_IDENTIFIER = "io.vokal.Tests-tvOS";
				PRODUCT_NAME = "$(TARGET_NAME)";
				SDKROOT = appletvos;
				TEST_HOST = "$(BUILT_PRODUCTS_DIR)/VOKMockUrlProtocol-tvOS.app/VOKMockUrlProtocol-tvOS";
			};
			name = Debug;
		};
		DE5EB09E1CBFFA02008ECAC1 /* Release */ = {
			isa = XCBuildConfiguration;
			baseConfigurationReference = 8B385A4125FCD5FE4EA8BA63 /* Pods-Tests-tvOS.release.xcconfig */;
			buildSettings = {
				BUNDLE_LOADER = "$(TEST_HOST)";
				CLANG_ANALYZER_NONNULL = YES;
				CLANG_WARN_UNREACHABLE_CODE = YES;
				COPY_PHASE_STRIP = NO;
				DEBUG_INFORMATION_FORMAT = "dwarf-with-dsym";
				ENABLE_STRICT_OBJC_MSGSEND = YES;
				GCC_NO_COMMON_BLOCKS = YES;
				INFOPLIST_FILE = "Tests-tvOS/Info.plist";
				LD_RUNPATH_SEARCH_PATHS = "$(inherited) @executable_path/Frameworks @loader_path/Frameworks";
				MTL_ENABLE_DEBUG_INFO = NO;
				PRODUCT_BUNDLE_IDENTIFIER = "io.vokal.Tests-tvOS";
				PRODUCT_NAME = "$(TARGET_NAME)";
				SDKROOT = appletvos;
				TEST_HOST = "$(BUILT_PRODUCTS_DIR)/VOKMockUrlProtocol-tvOS.app/VOKMockUrlProtocol-tvOS";
			};
			name = Release;
		};
/* End XCBuildConfiguration section */

/* Begin XCConfigurationList section */
		6003F585195388D10070C39A /* Build configuration list for PBXProject "VOKMockUrlProtocol" */ = {
			isa = XCConfigurationList;
			buildConfigurations = (
				6003F5BD195388D20070C39A /* Debug */,
				6003F5BE195388D20070C39A /* Release */,
			);
			defaultConfigurationIsVisible = 0;
			defaultConfigurationName = Release;
		};
		6003F5BF195388D20070C39A /* Build configuration list for PBXNativeTarget "VOKMockUrlProtocol" */ = {
			isa = XCConfigurationList;
			buildConfigurations = (
				6003F5C0195388D20070C39A /* Debug */,
				6003F5C1195388D20070C39A /* Release */,
			);
			defaultConfigurationIsVisible = 0;
			defaultConfigurationName = Release;
		};
		6003F5C2195388D20070C39A /* Build configuration list for PBXNativeTarget "Tests" */ = {
			isa = XCConfigurationList;
			buildConfigurations = (
				6003F5C3195388D20070C39A /* Debug */,
				6003F5C4195388D20070C39A /* Release */,
			);
			defaultConfigurationIsVisible = 0;
			defaultConfigurationName = Release;
		};
		DE14D4ED1CC024F1005DC5F5 /* Build configuration list for PBXNativeTarget "VOKMockUrlProtocol-OSX" */ = {
			isa = XCConfigurationList;
			buildConfigurations = (
				DE14D4EE1CC024F1005DC5F5 /* Debug */,
				DE14D4EF1CC024F1005DC5F5 /* Release */,
			);
			defaultConfigurationIsVisible = 0;
			defaultConfigurationName = Release;
		};
		DE14D4FB1CC02517005DC5F5 /* Build configuration list for PBXNativeTarget "Tests-OSX" */ = {
			isa = XCConfigurationList;
			buildConfigurations = (
				DE14D4FC1CC02517005DC5F5 /* Debug */,
				DE14D4FD1CC02517005DC5F5 /* Release */,
			);
			defaultConfigurationIsVisible = 0;
			defaultConfigurationName = Release;
		};
		DE5EB0901CBFF9B3008ECAC1 /* Build configuration list for PBXNativeTarget "VOKMockUrlProtocol-tvOS" */ = {
			isa = XCConfigurationList;
			buildConfigurations = (
				DE5EB08E1CBFF9B3008ECAC1 /* Debug */,
				DE5EB08F1CBFF9B3008ECAC1 /* Release */,
			);
			defaultConfigurationIsVisible = 0;
			defaultConfigurationName = Release;
		};
		DE5EB09C1CBFFA02008ECAC1 /* Build configuration list for PBXNativeTarget "Tests-tvOS" */ = {
			isa = XCConfigurationList;
			buildConfigurations = (
				DE5EB09D1CBFFA02008ECAC1 /* Debug */,
				DE5EB09E1CBFFA02008ECAC1 /* Release */,
			);
			defaultConfigurationIsVisible = 0;
			defaultConfigurationName = Release;
		};
/* End XCConfigurationList section */
	};
	rootObject = 6003F582195388D10070C39A /* Project object */;
}
